
Microsoft Visual Studio Solution File, Format Version 12.00
# Visual Studio Version 16
VisualStudioVersion = 16.0.34601.136
MinimumVisualStudioVersion = 10.0.40219.1
Project("{888888A0-9F3D-457C-B088-3A5042F75D52}") = "Darskii_Project", "Darskii_Project\Darskii_Project.pyproj", "{88DACF52-31D7-4433-9995-EF68460A0DF5}"
EndProject
Global
	GlobalSection(SolutionConfigurationPlatforms) = preSolution
		Debug|Any CPU = Debug|Any CPU
		Release|Any CPU = Release|Any CPU
	EndGlobalSection
	GlobalSection(ProjectConfigurationPlatforms) = postSolution
		{88DACF52-31D7-4433-9995-EF68460A0DF5}.Debug|Any CPU.ActiveCfg = Debug|Any CPU
		{88DACF52-31D7-4433-9995-EF68460A0DF5}.Debug|Any CPU.Build.0 = Debug|Any CPU
		{88DACF52-31D7-4433-9995-EF68460A0DF5}.Release|Any CPU.ActiveCfg = Release|Any CPU
		{88DACF52-31D7-4433-9995-EF68460A0DF5}.Release|Any CPU.Build.0 = Release|Any CPU
	EndGlobalSection
	GlobalSection(SolutionProperties) = preSolution
		HideSolutionNode = FALSE
	EndGlobalSection
	GlobalSection(ExtensibilityGlobals) = postSolution
		SolutionGuid = {81E9F675-3D3F-4431-9A9F-86BDF5113BF3}
	EndGlobalSection
EndGlobal
